
Microsoft Visual Studio Solution File, Format Version 12.00
# Visual Studio Version 16
VisualStudioVersion = 16.0.30611.23
MinimumVisualStudioVersion = 10.0.40219.1
Project("{FAE04EC0-301F-11D3-BF4B-00C04F79EFBC}") = "DiceRollerApp.Android", "DiceRollerApp\DiceRollerApp.Android\DiceRollerApp.Android.csproj", "{0FD48AEB-AF99-45DB-864D-7445149515E0}"
EndProject
Project("{FAE04EC0-301F-11D3-BF4B-00C04F79EFBC}") = "DiceRollerApp.iOS", "DiceRollerApp\DiceRollerApp.iOS\DiceRollerApp.iOS.csproj", "{4D5CC405-C90C-4C58-9C5E-59F204ABD10A}"
EndProject
Project("{FAE04EC0-301F-11D3-BF4B-00C04F79EFBC}") = "DiceRollerApp", "DiceRollerApp\DiceRollerApp\DiceRollerApp.csproj", "{25921810-FA78-4CBD-BDD0-0038BC8D9B90}"
EndProject
Global
	GlobalSection(SolutionConfigurationPlatforms) = preSolution
		Debug|Any CPU = Debug|Any CPU
		Debug|iPhone = Debug|iPhone
		Debug|iPhoneSimulator = Debug|iPhoneSimulator
		Release|Any CPU = Release|Any CPU
		Release|iPhone = Release|iPhone
		Release|iPhoneSimulator = Release|iPhoneSimulator
	EndGlobalSection
	GlobalSection(ProjectConfigurationPlatforms) = postSolution
		{0FD48AEB-AF99-45DB-864D-7445149515E0}.Debug|Any CPU.ActiveCfg = Debug|Any CPU
		{0FD48AEB-AF99-45DB-864D-7445149515E0}.Debug|Any CPU.Build.0 = Debug|Any CPU
		{0FD48AEB-AF99-45DB-864D-7445149515E0}.Debug|Any CPU.Deploy.0 = Debug|Any CPU
		{0FD48AEB-AF99-45DB-864D-7445149515E0}.Debug|iPhone.ActiveCfg = Debug|Any CPU
		{0FD48AEB-AF99-45DB-864D-7445149515E0}.Debug|iPhone.Build.0 = Debug|Any CPU
		{0FD48AEB-AF99-45DB-864D-7445149515E0}.Debug|iPhone.Deploy.0 = Debug|Any CPU
		{0FD48AEB-AF99-45DB-864D-7445149515E0}.Debug|iPhoneSimulator.ActiveCfg = Debug|Any CPU
		{0FD48AEB-AF99-45DB-864D-7445149515E0}.Debug|iPhoneSimulator.Build.0 = Debug|Any CPU
		{0FD48AEB-AF99-45DB-864D-7445149515E0}.Debug|iPhoneSimulator.Deploy.0 = Debug|Any CPU
		{0FD48AEB-AF99-45DB-864D-7445149515E0}.Release|Any CPU.ActiveCfg = Release|Any CPU
		{0FD48AEB-AF99-45DB-864D-7445149515E0}.Release|Any CPU.Build.0 = Release|Any CPU
		{0FD48AEB-AF99-45DB-864D-7445149515E0}.Release|Any CPU.Deploy.0 = Release|Any CPU
		{0FD48AEB-AF99-45DB-864D-7445149515E0}.Release|iPhone.ActiveCfg = Release|Any CPU
		{0FD48AEB-AF99-45DB-864D-7445149515E0}.Release|iPhone.Build.0 = Release|Any CPU
		{0FD48AEB-AF99-45DB-864D-7445149515E0}.Release|iPhone.Deploy.0 = Release|Any CPU
		{0FD48AEB-AF99-45DB-864D-7445149515E0}.Release|iPhoneSimulator.ActiveCfg = Release|Any CPU
		{0FD48AEB-AF99-45DB-864D-7445149515E0}.Release|iPhoneSimulator.Build.0 = Release|Any CPU
		{0FD48AEB-AF99-45DB-864D-7445149515E0}.Release|iPhoneSimulator.Deploy.0 = Release|Any CPU
		{4D5CC405-C90C-4C58-9C5E-59F204ABD10A}.Debug|Any CPU.ActiveCfg = Debug|iPhone
		{4D5CC405-C90C-4C58-9C5E-59F204ABD10A}.Debug|Any CPU.Build.0 = Debug|iPhone
		{4D5CC405-C90C-4C58-9C5E-59F204ABD10A}.Debug|Any CPU.Deploy.0 = Debug|iPhone
		{4D5CC405-C90C-4C58-9C5E-59F204ABD10A}.Debug|iPhone.ActiveCfg = Debug|iPhone
		{4D5CC405-C90C-4C58-9C5E-59F204ABD10A}.Debug|iPhone.Build.0 = Debug|iPhone
		{4D5CC405-C90C-4C58-9C5E-59F204ABD10A}.Debug|iPhone.Deploy.0 = Debug|iPhone
		{4D5CC405-C90C-4C58-9C5E-59F204ABD10A}.Debug|iPhoneSimulator.ActiveCfg = Debug|iPhoneSimulator
		{4D5CC405-C90C-4C58-9C5E-59F204ABD10A}.Debug|iPhoneSimulator.Build.0 = Debug|iPhoneSimulator
		{4D5CC405-C90C-4C58-9C5E-59F204ABD10A}.Debug|iPhoneSimulator.Deploy.0 = Debug|iPhoneSimulator
		{4D5CC405-C90C-4C58-9C5E-59F204ABD10A}.Release|Any CPU.ActiveCfg = Release|iPhoneSimulator
		{4D5CC405-C90C-4C58-9C5E-59F204ABD10A}.Release|Any CPU.Build.0 = Release|iPhoneSimulator
		{4D5CC405-C90C-4C58-9C5E-59F204ABD10A}.Release|Any CPU.Deploy.0 = Release|iPhoneSimulator
		{4D5CC405-C90C-4C58-9C5E-59F204ABD10A}.Release|iPhone.ActiveCfg = Release|iPhone
		{4D5CC405-C90C-4C58-9C5E-59F204ABD10A}.Release|iPhone.Build.0 = Release|iPhone
		{4D5CC405-C90C-4C58-9C5E-59F204ABD10A}.Release|iPhone.Deploy.0 = Release|iPhone
		{4D5CC405-C90C-4C58-9C5E-59F204ABD10A}.Release|iPhoneSimulator.ActiveCfg = Release|iPhoneSimulator
		{4D5CC405-C90C-4C58-9C5E-59F204ABD10A}.Release|iPhoneSimulator.Build.0 = Release|iPhoneSimulator
		{4D5CC405-C90C-4C58-9C5E-59F204ABD10A}.Release|iPhoneSimulator.Deploy.0 = Release|iPhoneSimulator
		{25921810-FA78-4CBD-BDD0-0038BC8D9B90}.Debug|Any CPU.ActiveCfg = Debug|Any CPU
		{25921810-FA78-4CBD-BDD0-0038BC8D9B90}.Debug|Any CPU.Build.0 = Debug|Any CPU
		{25921810-FA78-4CBD-BDD0-0038BC8D9B90}.Debug|Any CPU.Deploy.0 = Debug|Any CPU
		{25921810-FA78-4CBD-BDD0-0038BC8D9B90}.Debug|iPhone.ActiveCfg = Debug|Any CPU
		{25921810-FA78-4CBD-BDD0-0038BC8D9B90}.Debug|iPhone.Build.0 = Debug|Any CPU
		{25921810-FA78-4CBD-BDD0-0038BC8D9B90}.Debug|iPhone.Deploy.0 = Debug|Any CPU
		{25921810-FA78-4CBD-BDD0-0038BC8D9B90}.Debug|iPhoneSimulator.ActiveCfg = Debug|Any CPU
		{25921810-FA78-4CBD-BDD0-0038BC8D9B90}.Debug|iPhoneSimulator.Build.0 = Debug|Any CPU
		{25921810-FA78-4CBD-BDD0-0038BC8D9B90}.Debug|iPhoneSimulator.Deploy.0 = Debug|Any CPU
		{25921810-FA78-4CBD-BDD0-0038BC8D9B90}.Release|Any CPU.ActiveCfg = Release|Any CPU
		{25921810-FA78-4CBD-BDD0-0038BC8D9B90}.Release|Any CPU.Build.0 = Release|Any CPU
		{25921810-FA78-4CBD-BDD0-0038BC8D9B90}.Release|Any CPU.Deploy.0 = Release|Any CPU
		{25921810-FA78-4CBD-BDD0-0038BC8D9B90}.Release|iPhone.ActiveCfg = Release|Any CPU
		{25921810-FA78-4CBD-BDD0-0038BC8D9B90}.Release|iPhone.Build.0 = Release|Any CPU
		{25921810-FA78-4CBD-BDD0-0038BC8D9B90}.Release|iPhone.Deploy.0 = Release|Any CPU
		{25921810-FA78-4CBD-BDD0-0038BC8D9B90}.Release|iPhoneSimulator.ActiveCfg = Release|Any CPU
		{25921810-FA78-4CBD-BDD0-0038BC8D9B90}.Release|iPhoneSimulator.Build.0 = Release|Any CPU
		{25921810-FA78-4CBD-BDD0-0038BC8D9B90}.Release|iPhoneSimulator.Deploy.0 = Release|Any CPU
	EndGlobalSection
	GlobalSection(SolutionProperties) = preSolution
		HideSolutionNode = FALSE
	EndGlobalSection
	GlobalSection(ExtensibilityGlobals) = postSolution
		SolutionGuid = {87B61737-0728-4C5B-B1A8-21B197C1847C}
	EndGlobalSection
EndGlobal
